
Microsoft Visual Studio Solution File, Format Version 12.00
# Visual Studio Version 16
VisualStudioVersion = 16.0.30804.86
MinimumVisualStudioVersion = 10.0.40219.1
Project("{FAE04EC0-301F-11D3-BF4B-00C04F79EFBC}") = "EnemyAi", "EnemyAi\EnemyAi.csproj", "{F602B0FA-EEF6-4315-8ADE-FB1E91B18D65}"
EndProject
Global
	GlobalSection(SolutionConfigurationPlatforms) = preSolution
		Debug|Any CPU = Debug|Any CPU
		Release|Any CPU = Release|Any CPU
	EndGlobalSection
	GlobalSection(ProjectConfigurationPlatforms) = postSolution
		{F602B0FA-EEF6-4315-8ADE-FB1E91B18D65}.Debug|Any CPU.ActiveCfg = Debug|Any CPU
		{F602B0FA-EEF6-4315-8ADE-FB1E91B18D65}.Debug|Any CPU.Build.0 = Debug|Any CPU
		{F602B0FA-EEF6-4315-8ADE-FB1E91B18D65}.Release|Any CPU.ActiveCfg = Release|Any CPU
		{F602B0FA-EEF6-4315-8ADE-FB1E91B18D65}.Release|Any CPU.Build.0 = Release|Any CPU
	EndGlobalSection
	GlobalSection(SolutionProperties) = preSolution
		HideSolutionNode = FALSE
	EndGlobalSection
	GlobalSection(ExtensibilityGlobals) = postSolution
		SolutionGuid = {1EB2B219-2DB2-49EB-8687-779A240B22FB}
	EndGlobalSection
EndGlobal
